
Microsoft Visual Studio Solution File, Format Version 12.00
# Visual Studio Version 17
VisualStudioVersion = 17.5.33627.172
MinimumVisualStudioVersion = 10.0.40219.1
Project("{FAE04EC0-301F-11D3-BF4B-00C04F79EFBC}") = "Monty Hall Paradox Simulation", "Monty Hall Paradox Simulation\Monty Hall Paradox Simulation.csproj", "{676DDE07-4D2D-4D0B-A4A3-975BED275D60}"
EndProject
Global
	GlobalSection(SolutionConfigurationPlatforms) = preSolution
		Debug|Any CPU = Debug|Any CPU
		Release|Any CPU = Release|Any CPU
	EndGlobalSection
	GlobalSection(ProjectConfigurationPlatforms) = postSolution
		{676DDE07-4D2D-4D0B-A4A3-975BED275D60}.Debug|Any CPU.ActiveCfg = Debug|Any CPU
		{676DDE07-4D2D-4D0B-A4A3-975BED275D60}.Debug|Any CPU.Build.0 = Debug|Any CPU
		{676DDE07-4D2D-4D0B-A4A3-975BED275D60}.Release|Any CPU.ActiveCfg = Release|Any CPU
		{676DDE07-4D2D-4D0B-A4A3-975BED275D60}.Release|Any CPU.Build.0 = Release|Any CPU
	EndGlobalSection
	GlobalSection(SolutionProperties) = preSolution
		HideSolutionNode = FALSE
	EndGlobalSection
	GlobalSection(ExtensibilityGlobals) = postSolution
		SolutionGuid = {655D037B-EA7E-4CF7-85CA-BA041EB4C272}
	EndGlobalSection
EndGlobal
